
Microsoft Visual Studio Solution File, Format Version 12.00
# Visual Studio Version 17
VisualStudioVersion = 17.13.35931.197 d17.13
MinimumVisualStudioVersion = 10.0.40219.1
Project("{FAE04EC0-301F-11D3-BF4B-00C04F79EFBC}") = "VideoGameApi", "VideoGameApi\VideoGameApi.csproj", "{413FB6A2-C198-444C-A16A-002D340A371D}"
EndProject
Global
	GlobalSection(SolutionConfigurationPlatforms) = preSolution
		Debug|Any CPU = Debug|Any CPU
		Release|Any CPU = Release|Any CPU
	EndGlobalSection
	GlobalSection(ProjectConfigurationPlatforms) = postSolution
		{413FB6A2-C198-444C-A16A-002D340A371D}.Debug|Any CPU.ActiveCfg = Debug|Any CPU
		{413FB6A2-C198-444C-A16A-002D340A371D}.Debug|Any CPU.Build.0 = Debug|Any CPU
		{413FB6A2-C198-444C-A16A-002D340A371D}.Release|Any CPU.ActiveCfg = Release|Any CPU
		{413FB6A2-C198-444C-A16A-002D340A371D}.Release|Any CPU.Build.0 = Release|Any CPU
	EndGlobalSection
	GlobalSection(SolutionProperties) = preSolution
		HideSolutionNode = FALSE
	EndGlobalSection
	GlobalSection(ExtensibilityGlobals) = postSolution
		SolutionGuid = {234FC0F1-64F0-4CE7-912B-BEDCBCC9797E}
	EndGlobalSection
EndGlobal
